
Microsoft Visual Studio Solution File, Format Version 12.00
# Visual Studio Version 17
VisualStudioVersion = 17.3.32611.2
MinimumVisualStudioVersion = 10.0.40219.1
Project("{FAE04EC0-301F-11D3-BF4B-00C04F79EFBC}") = "URLOpener", "URLOpener.csproj", "{7C86D089-7BAC-47DF-AAC4-06BBF78F93CC}"
EndProject
Global
	GlobalSection(SolutionConfigurationPlatforms) = preSolution
		Debug|Any CPU = Debug|Any CPU
		Release|Any CPU = Release|Any CPU
	EndGlobalSection
	GlobalSection(ProjectConfigurationPlatforms) = postSolution
		{7C86D089-7BAC-47DF-AAC4-06BBF78F93CC}.Debug|Any CPU.ActiveCfg = Debug|Any CPU
		{7C86D089-7BAC-47DF-AAC4-06BBF78F93CC}.Debug|Any CPU.Build.0 = Debug|Any CPU
		{7C86D089-7BAC-47DF-AAC4-06BBF78F93CC}.Release|Any CPU.ActiveCfg = Release|Any CPU
		{7C86D089-7BAC-47DF-AAC4-06BBF78F93CC}.Release|Any CPU.Build.0 = Release|Any CPU
	EndGlobalSection
	GlobalSection(SolutionProperties) = preSolution
		HideSolutionNode = FALSE
	EndGlobalSection
	GlobalSection(ExtensibilityGlobals) = postSolution
		SolutionGuid = {752CC01B-EDD2-4676-AF5F-C87B17910710}
	EndGlobalSection
EndGlobal
