
Microsoft Visual Studio Solution File, Format Version 12.00
# Visual Studio Version 17
VisualStudioVersion = 17.2.32427.441
MinimumVisualStudioVersion = 10.0.40219.1
Project("{FAE04EC0-301F-11D3-BF4B-00C04F79EFBC}") = "VideoHelper", "VideoHelper.csproj", "{56EED2E0-70B4-4047-B8BE-5A11ADE79EBC}"
EndProject
Global
	GlobalSection(SolutionConfigurationPlatforms) = preSolution
		Debug|Any CPU = Debug|Any CPU
		Release|Any CPU = Release|Any CPU
	EndGlobalSection
	GlobalSection(ProjectConfigurationPlatforms) = postSolution
		{56EED2E0-70B4-4047-B8BE-5A11ADE79EBC}.Debug|Any CPU.ActiveCfg = Debug|Any CPU
		{56EED2E0-70B4-4047-B8BE-5A11ADE79EBC}.Debug|Any CPU.Build.0 = Debug|Any CPU
		{56EED2E0-70B4-4047-B8BE-5A11ADE79EBC}.Release|Any CPU.ActiveCfg = Release|Any CPU
		{56EED2E0-70B4-4047-B8BE-5A11ADE79EBC}.Release|Any CPU.Build.0 = Release|Any CPU
	EndGlobalSection
	GlobalSection(SolutionProperties) = preSolution
		HideSolutionNode = FALSE
	EndGlobalSection
	GlobalSection(ExtensibilityGlobals) = postSolution
		SolutionGuid = {872A734B-C636-4D8E-A4FD-C05963C9A431}
	EndGlobalSection
EndGlobal
